{
  "name": "SortingManagement-R",
  "lockfileVersion": 2,
  "requires": true,
  "packages": {
    "": {
      "dependencies": {
        "rsuite": "^6.1.2"
      }
    },
    "node_modules/@babel/runtime": {
      "version": "7.28.6",
      "resolved": "https://registry.npmjs.org/@babel/runtime/-/runtime-7.28.6.tgz",
      "integrity": "sha512-05WQkdpL9COIMz4LjTxGpPNCdlpyimKppYNoJ5Di5EUObifl8t4tuLuUBBZEpoLYOmfvIWrsp9fCl0HoPRVTdA==",
      "engines": {
        "node": ">=6.9.0"
      }
    },
    "node_modules/@juggle/resize-observer": {
      "version": "3.4.0",
      "resolved": "https://registry.npmjs.org/@juggle/resize-observer/-/resize-observer-3.4.0.tgz",
      "integrity": "sha512-dfLbk+PwWvFzSxwk3n5ySL0hfBog779o8h68wK/7/APo/7cgyWp5jcXockbxdk5kFRkbeXWm4Fbi9FrdN381sA=="
    },
    "node_modules/@rsuite/icon-font": {
      "version": "4.1.0",
      "resolved": "https://registry.npmjs.org/@rsuite/icon-font/-/icon-font-4.1.0.tgz",
      "integrity": "sha512-q0Y+uQCVvzhD6lFeAFrvCDd1lTjZfM6MIaBjre3lSW1w586VWbuFnhTiqos3v9HIMlUpm3aAsxd3SuM6gYaqqQ=="
    },
    "node_modules/@rsuite/icons": {
      "version": "1.4.0",
      "resolved": "https://registry.npmjs.org/@rsuite/icons/-/icons-1.4.0.tgz",
      "integrity": "sha512-NUOKX/KNO8Qy0nCJ4XzHKRdp0ovUM7zZhvuelteNkdhwwtmc9R0Ap4TlW2q/74sYa1aVXjH1RF+d2EGRD8EOEA==",
      "dependencies": {
        "@rsuite/icon-font": "^4.1.0",
        "classnames": "^2.2.5"
      },
      "peerDependencies": {
        "react": ">=16.8.0",
        "react-dom": ">=16.8.0"
      }
    },
    "node_modules/@types/lodash": {
      "version": "4.17.23",
      "resolved": "https://registry.npmjs.org/@types/lodash/-/lodash-4.17.23.tgz",
      "integrity": "sha512-RDvF6wTulMPjrNdCoYRC8gNR880JNGT8uB+REUpC2Ns4pRqQJhGz90wh7rgdXDPpCczF3VGktDuFGVnz8zP7HA=="
    },
    "node_modules/@types/react": {
      "version": "19.2.14",
      "resolved": "https://registry.npmjs.org/@types/react/-/react-19.2.14.tgz",
      "integrity": "sha512-ilcTH/UniCkMdtexkoCN0bI7pMcJDvmQFPvuPvmEaYA/NSfFTAgdUSLAoVjaRJm7+6PvcM+q1zYOwS4wTYMF9w==",
      "dependencies": {
        "csstype": "^3.2.2"
      }
    },
    "node_modules/@types/react-window": {
      "version": "1.8.8",
      "resolved": "https://registry.npmjs.org/@types/react-window/-/react-window-1.8.8.tgz",
      "integrity": "sha512-8Ls660bHR1AUA2kuRvVG9D/4XpRC6wjAaPT9dil7Ckc76eP9TKWZwwmgfq8Q1LANX3QNDnoU4Zp48A3w+zK69Q==",
      "dependencies": {
        "@types/react": "*"
      }
    },
    "node_modules/classnames": {
      "version": "2.5.1",
      "resolved": "https://registry.npmjs.org/classnames/-/classnames-2.5.1.tgz",
      "integrity": "sha512-saHYOzhIQs6wy2sVxTM6bUDsQO4F50V9RQ22qBpEdCW+I+/Wmke2HOl6lS6dTpdxVhb88/I6+Hs+438c3lfUow=="
    },
    "node_modules/csstype": {
      "version": "3.2.3",
      "resolved": "https://registry.npmjs.org/csstype/-/csstype-3.2.3.tgz",
      "integrity": "sha512-z1HGKcYy2xA8AGQfwrn0PAy+PB7X/GSj3UVJW9qKyn43xWa+gl5nXmU4qqLMRzWVLFC8KusUX8T/0kCiOYpAIQ=="
    },
    "node_modules/date-fns": {
      "version": "4.1.0",
      "resolved": "https://registry.npmjs.org/date-fns/-/date-fns-4.1.0.tgz",
      "integrity": "sha512-Ukq0owbQXxa/U3EGtsdVBkR1w7KOQ5gIBqdH2hkvknzZPYvBxb/aa6E8L7tmjFtkwZBu3UXBbjIgPo/Ez4xaNg==",
      "funding": {
        "type": "github",
        "url": "https://github.com/sponsors/kossnocorp"
      }
    },
    "node_modules/dom-lib": {
      "version": "3.3.2",
      "resolved": "https://registry.npmjs.org/dom-lib/-/dom-lib-3.3.2.tgz",
      "integrity": "sha512-ux0wcf6lggOCcJ6O3Q3mewbCOM/CL9f6+NXmxaWsF0/AKCvFNbfdmmqNnMG7cMVupCr9VeFEYWspSAD9WT/6gA==",
      "dependencies": {
        "@babel/runtime": "^7.20.0"
      }
    },
    "node_modules/lodash": {
      "version": "4.17.23",
      "resolved": "https://registry.npmjs.org/lodash/-/lodash-4.17.23.tgz",
      "integrity": "sha512-LgVTMpQtIopCi79SJeDiP0TfWi5CNEc/L/aRdTh3yIvmZXTnheWpKjSZhnvMl8iXbC1tFg9gdHHDMLoV7CnG+w=="
    },
    "node_modules/memoize-one": {
      "version": "5.2.1",
      "resolved": "https://registry.npmjs.org/memoize-one/-/memoize-one-5.2.1.tgz",
      "integrity": "sha512-zYiwtZUcYyXKo/np96AGZAckk+FWWsUdJ3cHGGmld7+AhvcWmQyGCYUh1hc4Q/pkOhb65dQR/pqCyK0cOaHz4Q=="
    },
    "node_modules/react": {
      "version": "19.2.4",
      "resolved": "https://registry.npmjs.org/react/-/react-19.2.4.tgz",
      "integrity": "sha512-9nfp2hYpCwOjAN+8TZFGhtWEwgvWHXqESH8qT89AT/lWklpLON22Lc8pEtnpsZz7VmawabSU0gCjnj8aC0euHQ==",
      "peer": true,
      "engines": {
        "node": ">=0.10.0"
      }
    },
    "node_modules/react-dom": {
      "version": "19.2.4",
      "resolved": "https://registry.npmjs.org/react-dom/-/react-dom-19.2.4.tgz",
      "integrity": "sha512-AXJdLo8kgMbimY95O2aKQqsz2iWi9jMgKJhRBAxECE4IFxfcazB2LmzloIoibJI3C12IlY20+KFaLv+71bUJeQ==",
      "peer": true,
      "dependencies": {
        "scheduler": "^0.27.0"
      },
      "peerDependencies": {
        "react": "^19.2.4"
      }
    },
    "node_modules/react-textarea-autosize": {
      "version": "8.5.9",
      "resolved": "https://registry.npmjs.org/react-textarea-autosize/-/react-textarea-autosize-8.5.9.tgz",
      "integrity": "sha512-U1DGlIQN5AwgjTyOEnI1oCcMuEr1pv1qOtklB2l4nyMGbHzWrI0eFsYK0zos2YWqAolJyG0IWJaqWmWj5ETh0A==",
      "dependencies": {
        "@babel/runtime": "^7.20.13",
        "use-composed-ref": "^1.3.0",
        "use-latest": "^1.2.1"
      },
      "engines": {
        "node": ">=10"
      },
      "peerDependencies": {
        "react": "^16.8.0 || ^17.0.0 || ^18.0.0 || ^19.0.0"
      }
    },
    "node_modules/react-use-set": {
      "version": "1.0.0",
      "resolved": "https://registry.npmjs.org/react-use-set/-/react-use-set-1.0.0.tgz",
      "integrity": "sha512-6BBbOcWc/tOKuwd9gDtdunvOr/g40S0SkCBYvrSJvpI0upzNlHmLoeDvylnoP8PrjQXItClAFxseVGGhEkk7kw==",
      "peerDependencies": {
        "react": ">=16.8.0"
      }
    },
    "node_modules/react-window": {
      "version": "1.8.11",
      "resolved": "https://registry.npmjs.org/react-window/-/react-window-1.8.11.tgz",
      "integrity": "sha512-+SRbUVT2scadgFSWx+R1P754xHPEqvcfSfVX10QYg6POOz+WNgkN48pS+BtZNIMGiL1HYrSEiCkwsMS15QogEQ==",
      "dependencies": {
        "@babel/runtime": "^7.0.0",
        "memoize-one": ">=3.1.1 <6"
      },
      "engines": {
        "node": ">8.0.0"
      },
      "peerDependencies": {
        "react": "^15.0.0 || ^16.0.0 || ^17.0.0 || ^18.0.0 || ^19.0.0",
        "react-dom": "^15.0.0 || ^16.0.0 || ^17.0.0 || ^18.0.0 || ^19.0.0"
      }
    },
    "node_modules/rsuite": {
      "version": "6.1.2",
      "resolved": "https://registry.npmjs.org/rsuite/-/rsuite-6.1.2.tgz",
      "integrity": "sha512-fLeyN228UYeUpy9aTf1nj+iyPyPhOEMYdoO9TDbf38hnV9bQitZ5HzinhJqLN2v/OX+AuKH84TxRPEabnFhGpQ==",
      "dependencies": {
        "@babel/runtime": "^7.26.0",
        "@juggle/resize-observer": "^3.4.0",
        "@rsuite/icons": "^1.4.0",
        "@types/lodash": "^4.17.15",
        "@types/react-window": "^1.8.8",
        "classnames": "^2.3.1",
        "date-fns": "^4.1.0",
        "dom-lib": "^3.3.1",
        "lodash": "^4.17.21",
        "react-textarea-autosize": "^8.5.9",
        "react-use-set": "^1.0.0",
        "react-window": "^1.8.11",
        "rsuite-table": "^5.19.2",
        "schema-typed": "^2.4.2"
      },
      "peerDependencies": {
        "react": ">=18",
        "react-dom": ">=18"
      }
    },
    "node_modules/rsuite-table": {
      "version": "5.19.2",
      "resolved": "https://registry.npmjs.org/rsuite-table/-/rsuite-table-5.19.2.tgz",
      "integrity": "sha512-0mnAuvTlDjNGo3FTWqIMdlCP2+gx8NJiMYJnGvOoYMt/kcxRsWzayQRrywc2cvnHTEOjMIQFi2uHYfie0irAHg==",
      "dependencies": {
        "@babel/runtime": "^7.12.5",
        "@juggle/resize-observer": "^3.3.1",
        "classnames": "^2.3.1",
        "dom-lib": "^3.3.1",
        "lodash": "^4.17.21"
      },
      "peerDependencies": {
        "react": ">=16.8.0",
        "react-dom": ">=16.8.0"
      }
    },
    "node_modules/scheduler": {
      "version": "0.27.0",
      "resolved": "https://registry.npmjs.org/scheduler/-/scheduler-0.27.0.tgz",
      "integrity": "sha512-eNv+WrVbKu1f3vbYJT/xtiF5syA5HPIMtf9IgY/nKg0sWqzAUEvqY/xm7OcZc/qafLx/iO9FgOmeSAp4v5ti/Q==",
      "peer": true
    },
    "node_modules/schema-typed": {
      "version": "2.4.2",
      "resolved": "https://registry.npmjs.org/schema-typed/-/schema-typed-2.4.2.tgz",
      "integrity": "sha512-4eYZiheiPps+I7JEKrhm/S8OIPncXqY0lKQbvI/Agn9QMJUQ3cgfFZ2spy4Ta9Qr3xLYB3/qj4wGbsNcVwEO/w==",
      "dependencies": {
        "lodash": "^4.17.21"
      }
    },
    "node_modules/use-composed-ref": {
      "version": "1.4.0",
      "resolved": "https://registry.npmjs.org/use-composed-ref/-/use-composed-ref-1.4.0.tgz",
      "integrity": "sha512-djviaxuOOh7wkj0paeO1Q/4wMZ8Zrnag5H6yBvzN7AKKe8beOaED9SF5/ByLqsku8NP4zQqsvM2u3ew/tJK8/w==",
      "peerDependencies": {
        "react": "^16.8.0 || ^17.0.0 || ^18.0.0 || ^19.0.0"
      },
      "peerDependenciesMeta": {
        "@types/react": {
          "optional": true
        }
      }
    },
    "node_modules/use-isomorphic-layout-effect": {
      "version": "1.2.1",
      "resolved": "https://registry.npmjs.org/use-isomorphic-layout-effect/-/use-isomorphic-layout-effect-1.2.1.tgz",
      "integrity": "sha512-tpZZ+EX0gaghDAiFR37hj5MgY6ZN55kLiPkJsKxBMZ6GZdOSPJXiOzPM984oPYZ5AnehYx5WQp1+ME8I/P/pRA==",
      "peerDependencies": {
        "react": "^16.8.0 || ^17.0.0 || ^18.0.0 || ^19.0.0"
      },
      "peerDependenciesMeta": {
        "@types/react": {
          "optional": true
        }
      }
    },
    "node_modules/use-latest": {
      "version": "1.3.0",
      "resolved": "https://registry.npmjs.org/use-latest/-/use-latest-1.3.0.tgz",
      "integrity": "sha512-mhg3xdm9NaM8q+gLT8KryJPnRFOz1/5XPBhmDEVZK1webPzDjrPk7f/mbpeLqTgB9msytYWANxgALOCJKnLvcQ==",
      "dependencies": {
        "use-isomorphic-layout-effect": "^1.1.1"
      },
      "peerDependencies": {
        "react": "^16.8.0 || ^17.0.0 || ^18.0.0 || ^19.0.0"
      },
      "peerDependenciesMeta": {
        "@types/react": {
          "optional": true
        }
      }
    }
  },
  "dependencies": {
    "@babel/runtime": {
      "version": "7.28.6",
      "resolved": "https://registry.npmjs.org/@babel/runtime/-/runtime-7.28.6.tgz",
      "integrity": "sha512-05WQkdpL9COIMz4LjTxGpPNCdlpyimKppYNoJ5Di5EUObifl8t4tuLuUBBZEpoLYOmfvIWrsp9fCl0HoPRVTdA=="
    },
    "@juggle/resize-observer": {
      "version": "3.4.0",
      "resolved": "https://registry.npmjs.org/@juggle/resize-observer/-/resize-observer-3.4.0.tgz",
      "integrity": "sha512-dfLbk+PwWvFzSxwk3n5ySL0hfBog779o8h68wK/7/APo/7cgyWp5jcXockbxdk5kFRkbeXWm4Fbi9FrdN381sA=="
    },
    "@rsuite/icon-font": {
      "version": "4.1.0",
      "resolved": "https://registry.npmjs.org/@rsuite/icon-font/-/icon-font-4.1.0.tgz",
      "integrity": "sha512-q0Y+uQCVvzhD6lFeAFrvCDd1lTjZfM6MIaBjre3lSW1w586VWbuFnhTiqos3v9HIMlUpm3aAsxd3SuM6gYaqqQ=="
    },
    "@rsuite/icons": {
      "version": "1.4.0",
      "resolved": "https://registry.npmjs.org/@rsuite/icons/-/icons-1.4.0.tgz",
      "integrity": "sha512-NUOKX/KNO8Qy0nCJ4XzHKRdp0ovUM7zZhvuelteNkdhwwtmc9R0Ap4TlW2q/74sYa1aVXjH1RF+d2EGRD8EOEA==",
      "requires": {
        "@rsuite/icon-font": "^4.1.0",
        "classnames": "^2.2.5"
      }
    },
    "@types/lodash": {
      "version": "4.17.23",
      "resolved": "https://registry.npmjs.org/@types/lodash/-/lodash-4.17.23.tgz",
      "integrity": "sha512-RDvF6wTulMPjrNdCoYRC8gNR880JNGT8uB+REUpC2Ns4pRqQJhGz90wh7rgdXDPpCczF3VGktDuFGVnz8zP7HA=="
    },
    "@types/react": {
      "version": "19.2.14",
      "resolved": "https://registry.npmjs.org/@types/react/-/react-19.2.14.tgz",
      "integrity": "sha512-ilcTH/UniCkMdtexkoCN0bI7pMcJDvmQFPvuPvmEaYA/NSfFTAgdUSLAoVjaRJm7+6PvcM+q1zYOwS4wTYMF9w==",
      "requires": {
        "csstype": "^3.2.2"
      }
    },
    "@types/react-window": {
      "version": "1.8.8",
      "resolved": "https://registry.npmjs.org/@types/react-window/-/react-window-1.8.8.tgz",
      "integrity": "sha512-8Ls660bHR1AUA2kuRvVG9D/4XpRC6wjAaPT9dil7Ckc76eP9TKWZwwmgfq8Q1LANX3QNDnoU4Zp48A3w+zK69Q==",
      "requires": {
        "@types/react": "*"
      }
    },
    "classnames": {
      "version": "2.5.1",
      "resolved": "https://registry.npmjs.org/classnames/-/classnames-2.5.1.tgz",
      "integrity": "sha512-saHYOzhIQs6wy2sVxTM6bUDsQO4F50V9RQ22qBpEdCW+I+/Wmke2HOl6lS6dTpdxVhb88/I6+Hs+438c3lfUow=="
    },
    "csstype": {
      "version": "3.2.3",
      "resolved": "https://registry.npmjs.org/csstype/-/csstype-3.2.3.tgz",
      "integrity": "sha512-z1HGKcYy2xA8AGQfwrn0PAy+PB7X/GSj3UVJW9qKyn43xWa+gl5nXmU4qqLMRzWVLFC8KusUX8T/0kCiOYpAIQ=="
    },
    "date-fns": {
      "version": "4.1.0",
      "resolved": "https://registry.npmjs.org/date-fns/-/date-fns-4.1.0.tgz",
      "integrity": "sha512-Ukq0owbQXxa/U3EGtsdVBkR1w7KOQ5gIBqdH2hkvknzZPYvBxb/aa6E8L7tmjFtkwZBu3UXBbjIgPo/Ez4xaNg=="
    },
    "dom-lib": {
      "version": "3.3.2",
      "resolved": "https://registry.npmjs.org/dom-lib/-/dom-lib-3.3.2.tgz",
      "integrity": "sha512-ux0wcf6lggOCcJ6O3Q3mewbCOM/CL9f6+NXmxaWsF0/AKCvFNbfdmmqNnMG7cMVupCr9VeFEYWspSAD9WT/6gA==",
      "requires": {
        "@babel/runtime": "^7.20.0"
      }
    },
    "lodash": {
      "version": "4.17.23",
      "resolved": "https://registry.npmjs.org/lodash/-/lodash-4.17.23.tgz",
      "integrity": "sha512-LgVTMpQtIopCi79SJeDiP0TfWi5CNEc/L/aRdTh3yIvmZXTnheWpKjSZhnvMl8iXbC1tFg9gdHHDMLoV7CnG+w=="
    },
    "memoize-one": {
      "version": "5.2.1",
      "resolved": "https://registry.npmjs.org/memoize-one/-/memoize-one-5.2.1.tgz",
      "integrity": "sha512-zYiwtZUcYyXKo/np96AGZAckk+FWWsUdJ3cHGGmld7+AhvcWmQyGCYUh1hc4Q/pkOhb65dQR/pqCyK0cOaHz4Q=="
    },
    "react": {
      "version": "19.2.4",
      "resolved": "https://registry.npmjs.org/react/-/react-19.2.4.tgz",
      "integrity": "sha512-9nfp2hYpCwOjAN+8TZFGhtWEwgvWHXqESH8qT89AT/lWklpLON22Lc8pEtnpsZz7VmawabSU0gCjnj8aC0euHQ==",
      "peer": true
    },
    "react-dom": {
      "version": "19.2.4",
      "resolved": "https://registry.npmjs.org/react-dom/-/react-dom-19.2.4.tgz",
      "integrity": "sha512-AXJdLo8kgMbimY95O2aKQqsz2iWi9jMgKJhRBAxECE4IFxfcazB2LmzloIoibJI3C12IlY20+KFaLv+71bUJeQ==",
      "peer": true,
      "requires": {
        "scheduler": "^0.27.0"
      }
    },
    "react-textarea-autosize": {
      "version": "8.5.9",
      "resolved": "https://registry.npmjs.org/react-textarea-autosize/-/react-textarea-autosize-8.5.9.tgz",
      "integrity": "sha512-U1DGlIQN5AwgjTyOEnI1oCcMuEr1pv1qOtklB2l4nyMGbHzWrI0eFsYK0zos2YWqAolJyG0IWJaqWmWj5ETh0A==",
      "requires": {
        "@babel/runtime": "^7.20.13",
        "use-composed-ref": "^1.3.0",
        "use-latest": "^1.2.1"
      }
    },
    "react-use-set": {
      "version": "1.0.0",
      "resolved": "https://registry.npmjs.org/react-use-set/-/react-use-set-1.0.0.tgz",
      "integrity": "sha512-6BBbOcWc/tOKuwd9gDtdunvOr/g40S0SkCBYvrSJvpI0upzNlHmLoeDvylnoP8PrjQXItClAFxseVGGhEkk7kw==",
      "requires": {}
    },
    "react-window": {
      "version": "1.8.11",
      "resolved": "https://registry.npmjs.org/react-window/-/react-window-1.8.11.tgz",
      "integrity": "sha512-+SRbUVT2scadgFSWx+R1P754xHPEqvcfSfVX10QYg6POOz+WNgkN48pS+BtZNIMGiL1HYrSEiCkwsMS15QogEQ==",
      "requires": {
        "@babel/runtime": "^7.0.0",
        "memoize-one": ">=3.1.1 <6"
      }
    },
    "rsuite": {
      "version": "6.1.2",
      "resolved": "https://registry.npmjs.org/rsuite/-/rsuite-6.1.2.tgz",
      "integrity": "sha512-fLeyN228UYeUpy9aTf1nj+iyPyPhOEMYdoO9TDbf38hnV9bQitZ5HzinhJqLN2v/OX+AuKH84TxRPEabnFhGpQ==",
      "requires": {
        "@babel/runtime": "^7.26.0",
        "@juggle/resize-observer": "^3.4.0",
        "@rsuite/icons": "^1.4.0",
        "@types/lodash": "^4.17.15",
        "@types/react-window": "^1.8.8",
        "classnames": "^2.3.1",
        "date-fns": "^4.1.0",
        "dom-lib": "^3.3.1",
        "lodash": "^4.17.21",
        "react-textarea-autosize": "^8.5.9",
        "react-use-set": "^1.0.0",
        "react-window": "^1.8.11",
        "rsuite-table": "^5.19.2",
        "schema-typed": "^2.4.2"
      }
    },
    "rsuite-table": {
      "version": "5.19.2",
      "resolved": "https://registry.npmjs.org/rsuite-table/-/rsuite-table-5.19.2.tgz",
      "integrity": "sha512-0mnAuvTlDjNGo3FTWqIMdlCP2+gx8NJiMYJnGvOoYMt/kcxRsWzayQRrywc2cvnHTEOjMIQFi2uHYfie0irAHg==",
      "requires": {
        "@babel/runtime": "^7.12.5",
        "@juggle/resize-observer": "^3.3.1",
        "classnames": "^2.3.1",
        "dom-lib": "^3.3.1",
        "lodash": "^4.17.21"
      }
    },
    "scheduler": {
      "version": "0.27.0",
      "resolved": "https://registry.npmjs.org/scheduler/-/scheduler-0.27.0.tgz",
      "integrity": "sha512-eNv+WrVbKu1f3vbYJT/xtiF5syA5HPIMtf9IgY/nKg0sWqzAUEvqY/xm7OcZc/qafLx/iO9FgOmeSAp4v5ti/Q==",
      "peer": true
    },
    "schema-typed": {
      "version": "2.4.2",
      "resolved": "https://registry.npmjs.org/schema-typed/-/schema-typed-2.4.2.tgz",
      "integrity": "sha512-4eYZiheiPps+I7JEKrhm/S8OIPncXqY0lKQbvI/Agn9QMJUQ3cgfFZ2spy4Ta9Qr3xLYB3/qj4wGbsNcVwEO/w==",
      "requires": {
        "lodash": "^4.17.21"
      }
    },
    "use-composed-ref": {
      "version": "1.4.0",
      "resolved": "https://registry.npmjs.org/use-composed-ref/-/use-composed-ref-1.4.0.tgz",
      "integrity": "sha512-djviaxuOOh7wkj0paeO1Q/4wMZ8Zrnag5H6yBvzN7AKKe8beOaED9SF5/ByLqsku8NP4zQqsvM2u3ew/tJK8/w==",
      "requires": {}
    },
    "use-isomorphic-layout-effect": {
      "version": "1.2.1",
      "resolved": "https://registry.npmjs.org/use-isomorphic-layout-effect/-/use-isomorphic-layout-effect-1.2.1.tgz",
      "integrity": "sha512-tpZZ+EX0gaghDAiFR37hj5MgY6ZN55kLiPkJsKxBMZ6GZdOSPJXiOzPM984oPYZ5AnehYx5WQp1+ME8I/P/pRA==",
      "requires": {}
    },
    "use-latest": {
      "version": "1.3.0",
      "resolved": "https://registry.npmjs.org/use-latest/-/use-latest-1.3.0.tgz",
      "integrity": "sha512-mhg3xdm9NaM8q+gLT8KryJPnRFOz1/5XPBhmDEVZK1webPzDjrPk7f/mbpeLqTgB9msytYWANxgALOCJKnLvcQ==",
      "requires": {
        "use-isomorphic-layout-effect": "^1.1.1"
      }
    }
  }
}
